
Microsoft Visual Studio Solution File, Format Version 12.00
# Visual Studio 2013
VisualStudioVersion = 12.0.31101.0
MinimumVisualStudioVersion = 10.0.40219.1
Project("{FAE04EC0-301F-11D3-BF4B-00C04F79EFBC}") = "CliClient", "CliClient\CliClient.csproj", "{4DFDEAA9-9E07-4656-964F-3D954C8430B3}"
EndProject
Project("{FAE04EC0-301F-11D3-BF4B-00C04F79EFBC}") = "Service", "Service\Service.csproj", "{C93DD5B0-848C-4950-AD28-4E97A53B8FFD}"
EndProject
Project("{FAE04EC0-301F-11D3-BF4B-00C04F79EFBC}") = "ServiceTest", "ServiceTest\ServiceTest.csproj", "{F91856B3-4896-42EA-9171-B59555D1FDB1}"
EndProject
Global
	GlobalSection(SolutionConfigurationPlatforms) = preSolution
		Debug|Any CPU = Debug|Any CPU
		Release|Any CPU = Release|Any CPU
	EndGlobalSection
	GlobalSection(ProjectConfigurationPlatforms) = postSolution
		{4DFDEAA9-9E07-4656-964F-3D954C8430B3}.Debug|Any CPU.ActiveCfg = Debug|Any CPU
		{4DFDEAA9-9E07-4656-964F-3D954C8430B3}.Debug|Any CPU.Build.0 = Debug|Any CPU
		{4DFDEAA9-9E07-4656-964F-3D954C8430B3}.Release|Any CPU.ActiveCfg = Release|Any CPU
		{4DFDEAA9-9E07-4656-964F-3D954C8430B3}.Release|Any CPU.Build.0 = Release|Any CPU
		{C93DD5B0-848C-4950-AD28-4E97A53B8FFD}.Debug|Any CPU.ActiveCfg = Debug|Any CPU
		{C93DD5B0-848C-4950-AD28-4E97A53B8FFD}.Debug|Any CPU.Build.0 = Debug|Any CPU
		{C93DD5B0-848C-4950-AD28-4E97A53B8FFD}.Release|Any CPU.ActiveCfg = Release|Any CPU
		{C93DD5B0-848C-4950-AD28-4E97A53B8FFD}.Release|Any CPU.Build.0 = Release|Any CPU
		{F91856B3-4896-42EA-9171-B59555D1FDB1}.Debug|Any CPU.ActiveCfg = Debug|Any CPU
		{F91856B3-4896-42EA-9171-B59555D1FDB1}.Debug|Any CPU.Build.0 = Debug|Any CPU
		{F91856B3-4896-42EA-9171-B59555D1FDB1}.Release|Any CPU.ActiveCfg = Release|Any CPU
		{F91856B3-4896-42EA-9171-B59555D1FDB1}.Release|Any CPU.Build.0 = Release|Any CPU
	EndGlobalSection
	GlobalSection(SolutionProperties) = preSolution
		HideSolutionNode = FALSE
	EndGlobalSection
EndGlobal
